
Microsoft Visual Studio Solution File, Format Version 12.00
# Visual Studio Version 16
VisualStudioVersion = 16.0.30907.101
MinimumVisualStudioVersion = 10.0.40219.1
Project("{FAE04EC0-301F-11D3-BF4B-00C04F79EFBC}") = "ConfigInterfacing", "ConfigInterfacing\ConfigInterfacing.csproj", "{6E13F165-9260-450F-A750-F523CC923EBC}"
EndProject
Project("{FAE04EC0-301F-11D3-BF4B-00C04F79EFBC}") = "ConfigInterfacing.Shared", "ConfigInterfacing.Shared\ConfigInterfacing.Shared.csproj", "{A7578300-5B7B-4130-BA0A-DF5BA1D80195}"
EndProject
Project("{FAE04EC0-301F-11D3-BF4B-00C04F79EFBC}") = "SimpleModule", "SimpleModule\SimpleModule.csproj", "{626B6DE6-2040-48E0-AFE6-B684E2710DD1}"
EndProject
Global
	GlobalSection(SolutionConfigurationPlatforms) = preSolution
		Debug|Any CPU = Debug|Any CPU
		Release|Any CPU = Release|Any CPU
	EndGlobalSection
	GlobalSection(ProjectConfigurationPlatforms) = postSolution
		{6E13F165-9260-450F-A750-F523CC923EBC}.Debug|Any CPU.ActiveCfg = Debug|Any CPU
		{6E13F165-9260-450F-A750-F523CC923EBC}.Debug|Any CPU.Build.0 = Debug|Any CPU
		{6E13F165-9260-450F-A750-F523CC923EBC}.Release|Any CPU.ActiveCfg = Release|Any CPU
		{6E13F165-9260-450F-A750-F523CC923EBC}.Release|Any CPU.Build.0 = Release|Any CPU
		{A7578300-5B7B-4130-BA0A-DF5BA1D80195}.Debug|Any CPU.ActiveCfg = Debug|Any CPU
		{A7578300-5B7B-4130-BA0A-DF5BA1D80195}.Debug|Any CPU.Build.0 = Debug|Any CPU
		{A7578300-5B7B-4130-BA0A-DF5BA1D80195}.Release|Any CPU.ActiveCfg = Release|Any CPU
		{A7578300-5B7B-4130-BA0A-DF5BA1D80195}.Release|Any CPU.Build.0 = Release|Any CPU
		{626B6DE6-2040-48E0-AFE6-B684E2710DD1}.Debug|Any CPU.ActiveCfg = Debug|Any CPU
		{626B6DE6-2040-48E0-AFE6-B684E2710DD1}.Debug|Any CPU.Build.0 = Debug|Any CPU
		{626B6DE6-2040-48E0-AFE6-B684E2710DD1}.Release|Any CPU.ActiveCfg = Release|Any CPU
		{626B6DE6-2040-48E0-AFE6-B684E2710DD1}.Release|Any CPU.Build.0 = Release|Any CPU
	EndGlobalSection
	GlobalSection(SolutionProperties) = preSolution
		HideSolutionNode = FALSE
	EndGlobalSection
	GlobalSection(ExtensibilityGlobals) = postSolution
		SolutionGuid = {0D04642D-68EB-4C88-9E2A-C05748E4C512}
	EndGlobalSection
EndGlobal
